
Microsoft Visual Studio Solution File, Format Version 12.00
# Visual Studio Version 16
VisualStudioVersion = 16.0.31112.23
MinimumVisualStudioVersion = 10.0.40219.1
Project("{FAE04EC0-301F-11D3-BF4B-00C04F79EFBC}") = "ConsoleWriteLineVsConsoleLogger", "ConsoleWriteLineVsConsoleLogger.csproj", "{38DBD21A-4617-4933-9713-A9E0B3594EFB}"
EndProject
Global
	GlobalSection(SolutionConfigurationPlatforms) = preSolution
		Debug|Any CPU = Debug|Any CPU
		Release|Any CPU = Release|Any CPU
	EndGlobalSection
	GlobalSection(ProjectConfigurationPlatforms) = postSolution
		{38DBD21A-4617-4933-9713-A9E0B3594EFB}.Debug|Any CPU.ActiveCfg = Debug|Any CPU
		{38DBD21A-4617-4933-9713-A9E0B3594EFB}.Debug|Any CPU.Build.0 = Debug|Any CPU
		{38DBD21A-4617-4933-9713-A9E0B3594EFB}.Release|Any CPU.ActiveCfg = Release|Any CPU
		{38DBD21A-4617-4933-9713-A9E0B3594EFB}.Release|Any CPU.Build.0 = Release|Any CPU
	EndGlobalSection
	GlobalSection(SolutionProperties) = preSolution
		HideSolutionNode = FALSE
	EndGlobalSection
	GlobalSection(ExtensibilityGlobals) = postSolution
		SolutionGuid = {15508B21-7CA8-40A2-81F6-86E1E6DF9266}
	EndGlobalSection
EndGlobal
